
Microsoft Visual Studio Solution File, Format Version 12.00
# Visual Studio Version 17
VisualStudioVersion = 17.0.31903.59
MinimumVisualStudioVersion = 10.0.40219.1
Project("{FAE04EC0-301F-11D3-BF4B-00C04F79EFBC}") = "AsapSystems.Core", "AsapSystems.Core\AsapSystems.Core.csproj", "{FF813345-8420-4DC7-8DE1-60D8BF50014A}"
EndProject
Project("{FAE04EC0-301F-11D3-BF4B-00C04F79EFBC}") = "AsapSystems.Infrastructure", "AsapSystems.Infrastructure\AsapSystems.Infrastructure.csproj", "{A001F295-B493-42D6-B184-F62578138631}"
EndProject
Project("{FAE04EC0-301F-11D3-BF4B-00C04F79EFBC}") = "AsapSystems.API", "AsapSystems.API\AsapSystems.API.csproj", "{95EDC74C-6AAC-4591-AC36-DD8A74F07B30}"
EndProject
Project("{FAE04EC0-301F-11D3-BF4B-00C04F79EFBC}") = "AsapSystems.BLL", "AsapSystems.BLL\AsapSystems.BLL.csproj", "{672B2893-0BE8-48F7-81E0-F48B3D9D7092}"
EndProject
Global
	GlobalSection(SolutionConfigurationPlatforms) = preSolution
		Debug|Any CPU = Debug|Any CPU
		Release|Any CPU = Release|Any CPU
	EndGlobalSection
	GlobalSection(SolutionProperties) = preSolution
		HideSolutionNode = FALSE
	EndGlobalSection
	GlobalSection(ProjectConfigurationPlatforms) = postSolution
		{FF813345-8420-4DC7-8DE1-60D8BF50014A}.Debug|Any CPU.ActiveCfg = Debug|Any CPU
		{FF813345-8420-4DC7-8DE1-60D8BF50014A}.Debug|Any CPU.Build.0 = Debug|Any CPU
		{FF813345-8420-4DC7-8DE1-60D8BF50014A}.Release|Any CPU.ActiveCfg = Release|Any CPU
		{FF813345-8420-4DC7-8DE1-60D8BF50014A}.Release|Any CPU.Build.0 = Release|Any CPU
		{A001F295-B493-42D6-B184-F62578138631}.Debug|Any CPU.ActiveCfg = Debug|Any CPU
		{A001F295-B493-42D6-B184-F62578138631}.Debug|Any CPU.Build.0 = Debug|Any CPU
		{A001F295-B493-42D6-B184-F62578138631}.Release|Any CPU.ActiveCfg = Release|Any CPU
		{A001F295-B493-42D6-B184-F62578138631}.Release|Any CPU.Build.0 = Release|Any CPU
		{95EDC74C-6AAC-4591-AC36-DD8A74F07B30}.Debug|Any CPU.ActiveCfg = Debug|Any CPU
		{95EDC74C-6AAC-4591-AC36-DD8A74F07B30}.Debug|Any CPU.Build.0 = Debug|Any CPU
		{95EDC74C-6AAC-4591-AC36-DD8A74F07B30}.Release|Any CPU.ActiveCfg = Release|Any CPU
		{95EDC74C-6AAC-4591-AC36-DD8A74F07B30}.Release|Any CPU.Build.0 = Release|Any CPU
		{672B2893-0BE8-48F7-81E0-F48B3D9D7092}.Debug|Any CPU.ActiveCfg = Debug|Any CPU
		{672B2893-0BE8-48F7-81E0-F48B3D9D7092}.Debug|Any CPU.Build.0 = Debug|Any CPU
		{672B2893-0BE8-48F7-81E0-F48B3D9D7092}.Release|Any CPU.ActiveCfg = Release|Any CPU
		{672B2893-0BE8-48F7-81E0-F48B3D9D7092}.Release|Any CPU.Build.0 = Release|Any CPU
	EndGlobalSection
EndGlobal
